
Microsoft Visual Studio Solution File, Format Version 12.00
# Visual Studio Version 16
VisualStudioVersion = 16.0.29613.14
MinimumVisualStudioVersion = 10.0.40219.1
Project("{FAE04EC0-301F-11D3-BF4B-00C04F79EFBC}") = "Singleton", "Singleton\Singleton.csproj", "{0E441201-EBC7-4084-88A7-9D704C48E80A}"
EndProject
Global
	GlobalSection(SolutionConfigurationPlatforms) = preSolution
		Debug|Any CPU = Debug|Any CPU
		Release|Any CPU = Release|Any CPU
	EndGlobalSection
	GlobalSection(ProjectConfigurationPlatforms) = postSolution
		{0E441201-EBC7-4084-88A7-9D704C48E80A}.Debug|Any CPU.ActiveCfg = Debug|Any CPU
		{0E441201-EBC7-4084-88A7-9D704C48E80A}.Debug|Any CPU.Build.0 = Debug|Any CPU
		{0E441201-EBC7-4084-88A7-9D704C48E80A}.Release|Any CPU.ActiveCfg = Release|Any CPU
		{0E441201-EBC7-4084-88A7-9D704C48E80A}.Release|Any CPU.Build.0 = Release|Any CPU
	EndGlobalSection
	GlobalSection(SolutionProperties) = preSolution
		HideSolutionNode = FALSE
	EndGlobalSection
	GlobalSection(ExtensibilityGlobals) = postSolution
		SolutionGuid = {B4D4C68D-65A1-4A18-BEAB-E1807C6F2532}
	EndGlobalSection
EndGlobal
